
Microsoft Visual Studio Solution File, Format Version 12.00
# Visual Studio 15
VisualStudioVersion = 15.0.27703.2000
MinimumVisualStudioVersion = 10.0.40219.1
Project("{FAE04EC0-301F-11D3-BF4B-00C04F79EFBC}") = "20180731_B", "20180731_B\20180731_B.csproj", "{9F3A57EB-3F7B-46B5-BD6C-B8A45C502E1E}"
EndProject
Global
	GlobalSection(SolutionConfigurationPlatforms) = preSolution
		Debug|Any CPU = Debug|Any CPU
		Release|Any CPU = Release|Any CPU
	EndGlobalSection
	GlobalSection(ProjectConfigurationPlatforms) = postSolution
		{9F3A57EB-3F7B-46B5-BD6C-B8A45C502E1E}.Debug|Any CPU.ActiveCfg = Debug|Any CPU
		{9F3A57EB-3F7B-46B5-BD6C-B8A45C502E1E}.Debug|Any CPU.Build.0 = Debug|Any CPU
		{9F3A57EB-3F7B-46B5-BD6C-B8A45C502E1E}.Release|Any CPU.ActiveCfg = Release|Any CPU
		{9F3A57EB-3F7B-46B5-BD6C-B8A45C502E1E}.Release|Any CPU.Build.0 = Release|Any CPU
	EndGlobalSection
	GlobalSection(SolutionProperties) = preSolution
		HideSolutionNode = FALSE
	EndGlobalSection
	GlobalSection(ExtensibilityGlobals) = postSolution
		SolutionGuid = {D31550DB-A86F-4DEE-8508-50DD61028866}
	EndGlobalSection
EndGlobal
